// !$*UTF8*$!
{
	archiveVersion = 1;
	classes = {
	};
	objectVersion = 46;
	objects = {

/* Begin PBXBuildFile section */
		BC987A9F17267AE94C380EF1 /* libPods-FlightHotelTestTests.a in Frameworks */ = {isa = PBXBuildFile; fileRef = 7692730C6043222C1C7F03D8 /* libPods-FlightHotelTestTests.a */; };
		C024A65B06FDCBD2CFA7EFE8 /* libPods-FlightHotelTest.a in Frameworks */ = {isa = PBXBuildFile; fileRef = 3E5E54FFB4420E1BDE53C53D /* libPods-FlightHotelTest.a */; };
		D03A42781DE5B33100C88642 /* ModelTests.m in Sources */ = {isa = PBXBuildFile; fileRef = D03A42771DE5B33100C88642 /* ModelTests.m */; };
		D03A427C1DE5BBA300C88642 /* MTLModel+Transform.m in Sources */ = {isa = PBXBuildFile; fileRef = D03A427B1DE5BBA300C88642 /* MTLModel+Transform.m */; };
		D0D907C81DE5AA580041A4D6 /* main.m in Sources */ = {isa = PBXBuildFile; fileRef = D0D907C71DE5AA580041A4D6 /* main.m */; };
		D0D907CB1DE5AA580041A4D6 /* AppDelegate.m in Sources */ = {isa = PBXBuildFile; fileRef = D0D907CA1DE5AA580041A4D6 /* AppDelegate.m */; };
		D0D907D31DE5AA580041A4D6 /* Assets.xcassets in Resources */ = {isa = PBXBuildFile; fileRef = D0D907D21DE5AA580041A4D6 /* Assets.xcassets */; };
		D0D907D61DE5AA580041A4D6 /* LaunchScreen.storyboard in Resources */ = {isa = PBXBuildFile; fileRef = D0D907D41DE5AA580041A4D6 /* LaunchScreen.storyboard */; };
		D0D907E11DE5AA580041A4D6 /* FlightHotelTestTests.m in Sources */ = {isa = PBXBuildFile; fileRef = D0D907E01DE5AA580041A4D6 /* FlightHotelTestTests.m */; };
		D0D907F41DE5AB770041A4D6 /* FlightsViewController.m in Sources */ = {isa = PBXBuildFile; fileRef = D0D907F31DE5AB770041A4D6 /* FlightsViewController.m */; };
		D0D907F61DE5AB850041A4D6 /* FlightsViewController.xib in Resources */ = {isa = PBXBuildFile; fileRef = D0D907F51DE5AB850041A4D6 /* FlightsViewController.xib */; };
		D0D907F91DE5AE430041A4D6 /* Hotel.m in Sources */ = {isa = PBXBuildFile; fileRef = D0D907F81DE5AE430041A4D6 /* Hotel.m */; };
		D0D907FC1DE5AF660041A4D6 /* Flight.m in Sources */ = {isa = PBXBuildFile; fileRef = D0D907FB1DE5AF660041A4D6 /* Flight.m */; };
/* End PBXBuildFile section */

/* Begin PBXContainerItemProxy section */
		D0D907DD1DE5AA580041A4D6 /* PBXContainerItemProxy */ = {
			isa = PBXContainerItemProxy;
			containerPortal = D0D907BB1DE5AA580041A4D6 /* Project object */;
			proxyType = 1;
			remoteGlobalIDString = D0D907C21DE5AA580041A4D6;
			remoteInfo = FlightHotelTest;
		};
/* End PBXContainerItemProxy section */

/* Begin PBXFileReference section */
		3E5E54FFB4420E1BDE53C53D /* libPods-FlightHotelTest.a */ = {isa = PBXFileReference; explicitFileType = archive.ar; includeInIndex = 0; path = "libPods-FlightHotelTest.a"; sourceTree = BUILT_PRODUCTS_DIR; };
		7692730C6043222C1C7F03D8 /* libPods-FlightHotelTestTests.a */ = {isa = PBXFileReference; explicitFileType = archive.ar; includeInIndex = 0; path = "libPods-FlightHotelTestTests.a"; sourceTree = BUILT_PRODUCTS_DIR; };
		7F101D27397AB5AF2188A730 /* Pods-FlightHotelTestTests.debug.xcconfig */ = {isa = PBXFileReference; includeInIndex = 1; lastKnownFileType = text.xcconfig; name = "Pods-FlightHotelTestTests.debug.xcconfig"; path = "Pods/Target Support Files/Pods-FlightHotelTestTests/Pods-FlightHotelTestTests.debug.xcconfig"; sourceTree = "<group>"; };
		B77E0A17E70D3D92E4BF5497 /* Pods-FlightHotelTest.debug.xcconfig */ = {isa = PBXFileReference; includeInIndex = 1; lastKnownFileType = text.xcconfig; name = "Pods-FlightHotelTest.debug.xcconfig"; path = "Pods/Target Support Files/Pods-FlightHotelTest/Pods-FlightHotelTest.debug.xcconfig"; sourceTree = "<group>"; };
		B8EE395929C444759F2F4B93 /* Pods-FlightHotelTestTests.release.xcconfig */ = {isa = PBXFileReference; includeInIndex = 1; lastKnownFileType = text.xcconfig; name = "Pods-FlightHotelTestTests.release.xcconfig"; path = "Pods/Target Support Files/Pods-FlightHotelTestTests/Pods-FlightHotelTestTests.release.xcconfig"; sourceTree = "<group>"; };
		D03A42771DE5B33100C88642 /* ModelTests.m */ = {isa = PBXFileReference; fileEncoding = 4; lastKnownFileType = sourcecode.c.objc; path = ModelTests.m; sourceTree = "<group>"; };
		D03A427A1DE5BBA300C88642 /* MTLModel+Transform.h */ = {isa = PBXFileReference; fileEncoding = 4; lastKnownFileType = sourcecode.c.h; path = "MTLModel+Transform.h"; sourceTree = "<group>"; };
		D03A427B1DE5BBA300C88642 /* MTLModel+Transform.m */ = {isa = PBXFileReference; fileEncoding = 4; lastKnownFileType = sourcecode.c.objc; path = "MTLModel+Transform.m"; sourceTree = "<group>"; };
		D0D907C31DE5AA580041A4D6 /* FlightHotelTest.app */ = {isa = PBXFileReference; explicitFileType = wrapper.application; includeInIndex = 0; path = FlightHotelTest.app; sourceTree = BUILT_PRODUCTS_DIR; };
		D0D907C71DE5AA580041A4D6 /* main.m */ = {isa = PBXFileReference; lastKnownFileType = sourcecode.c.objc; path = main.m; sourceTree = "<group>"; };
		D0D907C91DE5AA580041A4D6 /* AppDelegate.h */ = {isa = PBXFileReference; lastKnownFileType = sourcecode.c.h; path = AppDelegate.h; sourceTree = "<group>"; };
		D0D907CA1DE5AA580041A4D6 /* AppDelegate.m */ = {isa = PBXFileReference; lastKnownFileType = sourcecode.c.objc; path = AppDelegate.m; sourceTree = "<group>"; };
		D0D907D21DE5AA580041A4D6 /* Assets.xcassets */ = {isa = PBXFileReference; lastKnownFileType = folder.assetcatalog; path = Assets.xcassets; sourceTree = "<group>"; };
		D0D907D51DE5AA580041A4D6 /* Base */ = {isa = PBXFileReference; lastKnownFileType = file.storyboard; name = Base; path = Base.lproj/LaunchScreen.storyboard; sourceTree = "<group>"; };
		D0D907D71DE5AA580041A4D6 /* Info.plist */ = {isa = PBXFileReference; lastKnownFileType = text.plist.xml; path = Info.plist; sourceTree = "<group>"; };
		D0D907DC1DE5AA580041A4D6 /* FlightHotelTestTests.xctest */ = {isa = PBXFileReference; explicitFileType = wrapper.cfbundle; includeInIndex = 0; path = FlightHotelTestTests.xctest; sourceTree = BUILT_PRODUCTS_DIR; };
		D0D907E01DE5AA580041A4D6 /* FlightHotelTestTests.m */ = {isa = PBXFileReference; lastKnownFileType = sourcecode.c.objc; path = FlightHotelTestTests.m; sourceTree = "<group>"; };
		D0D907E21DE5AA580041A4D6 /* Info.plist */ = {isa = PBXFileReference; lastKnownFileType = text.plist.xml; path = Info.plist; sourceTree = "<group>"; };
		D0D907F21DE5AB770041A4D6 /* FlightsViewController.h */ = {isa = PBXFileReference; fileEncoding = 4; lastKnownFileType = sourcecode.c.h; path = FlightsViewController.h; sourceTree = "<group>"; };
		D0D907F31DE5AB770041A4D6 /* FlightsViewController.m */ = {isa = PBXFileReference; fileEncoding = 4; lastKnownFileType = sourcecode.c.objc; path = FlightsViewController.m; sourceTree = "<group>"; };
		D0D907F51DE5AB850041A4D6 /* FlightsViewController.xib */ = {isa = PBXFileReference; fileEncoding = 4; lastKnownFileType = file.xib; path = FlightsViewController.xib; sourceTree = "<group>"; };
		D0D907F71DE5AE430041A4D6 /* Hotel.h */ = {isa = PBXFileReference; fileEncoding = 4; lastKnownFileType = sourcecode.c.h; path = Hotel.h; sourceTree = "<group>"; };
		D0D907F81DE5AE430041A4D6 /* Hotel.m */ = {isa = PBXFileReference; fileEncoding = 4; lastKnownFileType = sourcecode.c.objc; path = Hotel.m; sourceTree = "<group>"; };
		D0D907FA1DE5AF660041A4D6 /* Flight.h */ = {isa = PBXFileReference; fileEncoding = 4; lastKnownFileType = sourcecode.c.h; path = Flight.h; sourceTree = "<group>"; };
		D0D907FB1DE5AF660041A4D6 /* Flight.m */ = {isa = PBXFileReference; fileEncoding = 4; lastKnownFileType = sourcecode.c.objc; path = Flight.m; sourceTree = "<group>"; };
		D7299A03DD4F22C6F86C3F06 /* Pods-FlightHotelTest.release.xcconfig */ = {isa = PBXFileReference; includeInIndex = 1; lastKnownFileType = text.xcconfig; name = "Pods-FlightHotelTest.release.xcconfig"; path = "Pods/Target Support Files/Pods-FlightHotelTest/Pods-FlightHotelTest.release.xcconfig"; sourceTree = "<group>"; };
/* End PBXFileReference section */

/* Begin PBXFrameworksBuildPhase section */
		D0D907C01DE5AA580041A4D6 /* Frameworks */ = {
			isa = PBXFrameworksBuildPhase;
			buildActionMask = 2147483647;
			files = (
				C024A65B06FDCBD2CFA7EFE8 /* libPods-FlightHotelTest.a in Frameworks */,
			);
			runOnlyForDeploymentPostprocessing = 0;
		};
		D0D907D91DE5AA580041A4D6 /* Frameworks */ = {
			isa = PBXFrameworksBuildPhase;
			buildActionMask = 2147483647;
			files = (
				BC987A9F17267AE94C380EF1 /* libPods-FlightHotelTestTests.a in Frameworks */,
			);
			runOnlyForDeploymentPostprocessing = 0;
		};
/* End PBXFrameworksBuildPhase section */

/* Begin PBXGroup section */
		473B13C1B52EDA212CDF3309 /* Frameworks */ = {
			isa = PBXGroup;
			children = (
				3E5E54FFB4420E1BDE53C53D /* libPods-FlightHotelTest.a */,
				7692730C6043222C1C7F03D8 /* libPods-FlightHotelTestTests.a */,
			);
			name = Frameworks;
			sourceTree = "<group>";
		};
		C5C104449583353904D1F186 /* Pods */ = {
			isa = PBXGroup;
			children = (
				B77E0A17E70D3D92E4BF5497 /* Pods-FlightHotelTest.debug.xcconfig */,
				D7299A03DD4F22C6F86C3F06 /* Pods-FlightHotelTest.release.xcconfig */,
				7F101D27397AB5AF2188A730 /* Pods-FlightHotelTestTests.debug.xcconfig */,
				B8EE395929C444759F2F4B93 /* Pods-FlightHotelTestTests.release.xcconfig */,
			);
			name = Pods;
			sourceTree = "<group>";
		};
		D03A42791DE5BB9100C88642 /* Category */ = {
			isa = PBXGroup;
			children = (
				D03A427A1DE5BBA300C88642 /* MTLModel+Transform.h */,
				D03A427B1DE5BBA300C88642 /* MTLModel+Transform.m */,
			);
			path = Category;
			sourceTree = "<group>";
		};
		D0D907BA1DE5AA580041A4D6 = {
			isa = PBXGroup;
			children = (
				D0D907C51DE5AA580041A4D6 /* FlightHotelTest */,
				D0D907DF1DE5AA580041A4D6 /* FlightHotelTestTests */,
				D0D907C41DE5AA580041A4D6 /* Products */,
				C5C104449583353904D1F186 /* Pods */,
				473B13C1B52EDA212CDF3309 /* Frameworks */,
			);
			sourceTree = "<group>";
		};
		D0D907C41DE5AA580041A4D6 /* Products */ = {
			isa = PBXGroup;
			children = (
				D0D907C31DE5AA580041A4D6 /* FlightHotelTest.app */,
				D0D907DC1DE5AA580041A4D6 /* FlightHotelTestTests.xctest */,
			);
			name = Products;
			sourceTree = "<group>";
		};
		D0D907C51DE5AA580041A4D6 /* FlightHotelTest */ = {
			isa = PBXGroup;
			children = (
				D0D907EB1DE5AB0D0041A4D6 /* Common */,
				D0D907EF1DE5AB6B0041A4D6 /* Modules */,
				D0D907C91DE5AA580041A4D6 /* AppDelegate.h */,
				D0D907CA1DE5AA580041A4D6 /* AppDelegate.m */,
				D0D907D21DE5AA580041A4D6 /* Assets.xcassets */,
				D0D907D41DE5AA580041A4D6 /* LaunchScreen.storyboard */,
				D0D907D71DE5AA580041A4D6 /* Info.plist */,
				D0D907C61DE5AA580041A4D6 /* Supporting Files */,
			);
			path = FlightHotelTest;
			sourceTree = "<group>";
		};
		D0D907C61DE5AA580041A4D6 /* Supporting Files */ = {
			isa = PBXGroup;
			children = (
				D0D907C71DE5AA580041A4D6 /* main.m */,
			);
			name = "Supporting Files";
			sourceTree = "<group>";
		};
		D0D907DF1DE5AA580041A4D6 /* FlightHotelTestTests */ = {
			isa = PBXGroup;
			children = (
				D03A42771DE5B33100C88642 /* ModelTests.m */,
				D0D907E01DE5AA580041A4D6 /* FlightHotelTestTests.m */,
				D0D907E21DE5AA580041A4D6 /* Info.plist */,
			);
			path = FlightHotelTestTests;
			sourceTree = "<group>";
		};
		D0D907EB1DE5AB0D0041A4D6 /* Common */ = {
			isa = PBXGroup;
			children = (
				D03A42791DE5BB9100C88642 /* Category */,
				D0D907EC1DE5AB0D0041A4D6 /* Models */,
			);
			path = Common;
			sourceTree = "<group>";
		};
		D0D907EC1DE5AB0D0041A4D6 /* Models */ = {
			isa = PBXGroup;
			children = (
				D0D907F71DE5AE430041A4D6 /* Hotel.h */,
				D0D907F81DE5AE430041A4D6 /* Hotel.m */,
				D0D907FA1DE5AF660041A4D6 /* Flight.h */,
				D0D907FB1DE5AF660041A4D6 /* Flight.m */,
			);
			path = Models;
			sourceTree = "<group>";
		};
		D0D907EF1DE5AB6B0041A4D6 /* Modules */ = {
			isa = PBXGroup;
			children = (
				D0D907F01DE5AB6B0041A4D6 /* FlightsViewController */,
				D0D907F11DE5AB6B0041A4D6 /* HotelsViewController */,
			);
			path = Modules;
			sourceTree = "<group>";
		};
		D0D907F01DE5AB6B0041A4D6 /* FlightsViewController */ = {
			isa = PBXGroup;
			children = (
				D0D907F21DE5AB770041A4D6 /* FlightsViewController.h */,
				D0D907F31DE5AB770041A4D6 /* FlightsViewController.m */,
				D0D907F51DE5AB850041A4D6 /* FlightsViewController.xib */,
			);
			path = FlightsViewController;
			sourceTree = "<group>";
		};
		D0D907F11DE5AB6B0041A4D6 /* HotelsViewController */ = {
			isa = PBXGroup;
			children = (
			);
			path = HotelsViewController;
			sourceTree = "<group>";
		};
/* End PBXGroup section */

/* Begin PBXNativeTarget section */
		D0D907C21DE5AA580041A4D6 /* FlightHotelTest */ = {
			isa = PBXNativeTarget;
			buildConfigurationList = D0D907E51DE5AA580041A4D6 /* Build configuration list for PBXNativeTarget "FlightHotelTest" */;
			buildPhases = (
				AD7466FF8C5A86A3E739E99F /* [CP] Check Pods Manifest.lock */,
				D0D907BF1DE5AA580041A4D6 /* Sources */,
				D0D907C01DE5AA580041A4D6 /* Frameworks */,
				D0D907C11DE5AA580041A4D6 /* Resources */,
				27D556095D34E497D08497B4 /* [CP] Embed Pods Frameworks */,
				7E88F2E41564386CEAC9702C /* [CP] Copy Pods Resources */,
			);
			buildRules = (
			);
			dependencies = (
			);
			name = FlightHotelTest;
			productName = FlightHotelTest;
			productReference = D0D907C31DE5AA580041A4D6 /* FlightHotelTest.app */;
			productType = "com.apple.product-type.application";
		};
		D0D907DB1DE5AA580041A4D6 /* FlightHotelTestTests */ = {
			isa = PBXNativeTarget;
			buildConfigurationList = D0D907E81DE5AA580041A4D6 /* Build configuration list for PBXNativeTarget "FlightHotelTestTests" */;
			buildPhases = (
				3FED20827AFFEFF5180C6CE6 /* [CP] Check Pods Manifest.lock */,
				D0D907D81DE5AA580041A4D6 /* Sources */,
				D0D907D91DE5AA580041A4D6 /* Frameworks */,
				D0D907DA1DE5AA580041A4D6 /* Resources */,
				1C682AAF4DF110D53072A90A /* [CP] Embed Pods Frameworks */,
				998FCB16DF7254912FBD8C8C /* [CP] Copy Pods Resources */,
			);
			buildRules = (
			);
			dependencies = (
				D0D907DE1DE5AA580041A4D6 /* PBXTargetDependency */,
			);
			name = FlightHotelTestTests;
			productName = FlightHotelTestTests;
			productReference = D0D907DC1DE5AA580041A4D6 /* FlightHotelTestTests.xctest */;
			productType = "com.apple.product-type.bundle.unit-test";
		};
/* End PBXNativeTarget section */

/* Begin PBXProject section */
		D0D907BB1DE5AA580041A4D6 /* Project object */ = {
			isa = PBXProject;
			attributes = {
				LastUpgradeCheck = 0810;
				ORGANIZATIONNAME = fenroar;
				TargetAttributes = {
					D0D907C21DE5AA580041A4D6 = {
						CreatedOnToolsVersion = 8.1;
						DevelopmentTeam = GWGTXL8GG9;
						ProvisioningStyle = Automatic;
					};
					D0D907DB1DE5AA580041A4D6 = {
						CreatedOnToolsVersion = 8.1;
						DevelopmentTeam = GWGTXL8GG9;
						ProvisioningStyle = Automatic;
						TestTargetID = D0D907C21DE5AA580041A4D6;
					};
				};
			};
			buildConfigurationList = D0D907BE1DE5AA580041A4D6 /* Build configuration list for PBXProject "FlightHotelTest" */;
			compatibilityVersion = "Xcode 3.2";
			developmentRegion = English;
			hasScannedForEncodings = 0;
			knownRegions = (
				en,
				Base,
			);
			mainGroup = D0D907BA1DE5AA580041A4D6;
			productRefGroup = D0D907C41DE5AA580041A4D6 /* Products */;
			projectDirPath = "";
			projectRoot = "";
			targets = (
				D0D907C21DE5AA580041A4D6 /* FlightHotelTest */,
				D0D907DB1DE5AA580041A4D6 /* FlightHotelTestTests */,
			);
		};
/* End PBXProject section */

/* Begin PBXResourcesBuildPhase section */
		D0D907C11DE5AA580041A4D6 /* Resources */ = {
			isa = PBXResourcesBuildPhase;
			buildActionMask = 2147483647;
			files = (
				D0D907F61DE5AB850041A4D6 /* FlightsViewController.xib in Resources */,
				D0D907D61DE5AA580041A4D6 /* LaunchScreen.storyboard in Resources */,
				D0D907D31DE5AA580041A4D6 /* Assets.xcassets in Resources */,
			);
			runOnlyForDeploymentPostprocessing = 0;
		};
		D0D907DA1DE5AA580041A4D6 /* Resources */ = {
			isa = PBXResourcesBuildPhase;
			buildActionMask = 2147483647;
			files = (
			);
			runOnlyForDeploymentPostprocessing = 0;
		};
/* End PBXResourcesBuildPhase section */

/* Begin PBXShellScriptBuildPhase section */
		1C682AAF4DF110D53072A90A /* [CP] Embed Pods Frameworks */ = {
			isa = PBXShellScriptBuildPhase;
			buildActionMask = 2147483647;
			files = (
			);
			inputPaths = (
			);
			name = "[CP] Embed Pods Frameworks";
			outputPaths = (
			);
			runOnlyForDeploymentPostprocessing = 0;
			shellPath = /bin/sh;
			shellScript = "\"${SRCROOT}/Pods/Target Support Files/Pods-FlightHotelTestTests/Pods-FlightHotelTestTests-frameworks.sh\"\n";
			showEnvVarsInLog = 0;
		};
		27D556095D34E497D08497B4 /* [CP] Embed Pods Frameworks */ = {
			isa = PBXShellScriptBuildPhase;
			buildActionMask = 2147483647;
			files = (
			);
			inputPaths = (
			);
			name = "[CP] Embed Pods Frameworks";
			outputPaths = (
			);
			runOnlyForDeploymentPostprocessing = 0;
			shellPath = /bin/sh;
			shellScript = "\"${SRCROOT}/Pods/Target Support Files/Pods-FlightHotelTest/Pods-FlightHotelTest-frameworks.sh\"\n";
			showEnvVarsInLog = 0;
		};
		3FED20827AFFEFF5180C6CE6 /* [CP] Check Pods Manifest.lock */ = {
			isa = PBXShellScriptBuildPhase;
			buildActionMask = 2147483647;
			files = (
			);
			inputPaths = (
			);
			name = "[CP] Check Pods Manifest.lock";
			outputPaths = (
			);
			runOnlyForDeploymentPostprocessing = 0;
			shellPath = /bin/sh;
			shellScript = "diff \"${PODS_ROOT}/../Podfile.lock\" \"${PODS_ROOT}/Manifest.lock\" > /dev/null\nif [ $? != 0 ] ; then\n    # print error to STDERR\n    echo \"error: The sandbox is not in sync with the Podfile.lock. Run 'pod install' or update your CocoaPods installation.\" >&2\n    exit 1\nfi\n";
			showEnvVarsInLog = 0;
		};
		7E88F2E41564386CEAC9702C /* [CP] Copy Pods Resources */ = {
			isa = PBXShellScriptBuildPhase;
			buildActionMask = 2147483647;
			files = (
			);
			inputPaths = (
			);
			name = "[CP] Copy Pods Resources";
			outputPaths = (
			);
			runOnlyForDeploymentPostprocessing = 0;
			shellPath = /bin/sh;
			shellScript = "\"${SRCROOT}/Pods/Target Support Files/Pods-FlightHotelTest/Pods-FlightHotelTest-resources.sh\"\n";
			showEnvVarsInLog = 0;
		};
		998FCB16DF7254912FBD8C8C /* [CP] Copy Pods Resources */ = {
			isa = PBXShellScriptBuildPhase;
			buildActionMask = 2147483647;
			files = (
			);
			inputPaths = (
			);
			name = "[CP] Copy Pods Resources";
			outputPaths = (
			);
			runOnlyForDeploymentPostprocessing = 0;
			shellPath = /bin/sh;
			shellScript = "\"${SRCROOT}/Pods/Target Support Files/Pods-FlightHotelTestTests/Pods-FlightHotelTestTests-resources.sh\"\n";
			showEnvVarsInLog = 0;
		};
		AD7466FF8C5A86A3E739E99F /* [CP] Check Pods Manifest.lock */ = {
			isa = PBXShellScriptBuildPhase;
			buildActionMask = 2147483647;
			files = (
			);
			inputPaths = (
			);
			name = "[CP] Check Pods Manifest.lock";
			outputPaths = (
			);
			runOnlyForDeploymentPostprocessing = 0;
			shellPath = /bin/sh;
			shellScript = "diff \"${PODS_ROOT}/../Podfile.lock\" \"${PODS_ROOT}/Manifest.lock\" > /dev/null\nif [ $? != 0 ] ; then\n    # print error to STDERR\n    echo \"error: The sandbox is not in sync with the Podfile.lock. Run 'pod install' or update your CocoaPods installation.\" >&2\n    exit 1\nfi\n";
			showEnvVarsInLog = 0;
		};
/* End PBXShellScriptBuildPhase section */

/* Begin PBXSourcesBuildPhase section */
		D0D907BF1DE5AA580041A4D6 /* Sources */ = {
			isa = PBXSourcesBuildPhase;
			buildActionMask = 2147483647;
			files = (
				D0D907FC1DE5AF660041A4D6 /* Flight.m in Sources */,
				D0D907F41DE5AB770041A4D6 /* FlightsViewController.m in Sources */,
				D0D907CB1DE5AA580041A4D6 /* AppDelegate.m in Sources */,
				D0D907F91DE5AE430041A4D6 /* Hotel.m in Sources */,
				D03A427C1DE5BBA300C88642 /* MTLModel+Transform.m in Sources */,
				D0D907C81DE5AA580041A4D6 /* main.m in Sources */,
			);
			runOnlyForDeploymentPostprocessing = 0;
		};
		D0D907D81DE5AA580041A4D6 /* Sources */ = {
			isa = PBXSourcesBuildPhase;
			buildActionMask = 2147483647;
			files = (
				D0D907E11DE5AA580041A4D6 /* FlightHotelTestTests.m in Sources */,
				D03A42781DE5B33100C88642 /* ModelTests.m in Sources */,
			);
			runOnlyForDeploymentPostprocessing = 0;
		};
/* End PBXSourcesBuildPhase section */

/* Begin PBXTargetDependency section */
		D0D907DE1DE5AA580041A4D6 /* PBXTargetDependency */ = {
			isa = PBXTargetDependency;
			target = D0D907C21DE5AA580041A4D6 /* FlightHotelTest */;
			targetProxy = D0D907DD1DE5AA580041A4D6 /* PBXContainerItemProxy */;
		};
/* End PBXTargetDependency section */

/* Begin PBXVariantGroup section */
		D0D907D41DE5AA580041A4D6 /* LaunchScreen.storyboard */ = {
			isa = PBXVariantGroup;
			children = (
				D0D907D51DE5AA580041A4D6 /* Base */,
			);
			name = LaunchScreen.storyboard;
			sourceTree = "<group>";
		};
/* End PBXVariantGroup section */

/* Begin XCBuildConfiguration section */
		D0D907E31DE5AA580041A4D6 /* Debug */ = {
			isa = XCBuildConfiguration;
			buildSettings = {
				ALWAYS_SEARCH_USER_PATHS = NO;
				CLANG_ANALYZER_NONNULL = YES;
				CLANG_CXX_LANGUAGE_STANDARD = "gnu++0x";
				CLANG_CXX_LIBRARY = "libc++";
				CLANG_ENABLE_MODULES = YES;
				CLANG_ENABLE_OBJC_ARC = YES;
				CLANG_WARN_BOOL_CONVERSION = YES;
				CLANG_WARN_CONSTANT_CONVERSION = YES;
				CLANG_WARN_DIRECT_OBJC_ISA_USAGE = YES_ERROR;
				CLANG_WARN_DOCUMENTATION_COMMENTS = YES;
				CLANG_WARN_EMPTY_BODY = YES;
				CLANG_WARN_ENUM_CONVERSION = YES;
				CLANG_WARN_INFINITE_RECURSION = YES;
				CLANG_WARN_INT_CONVERSION = YES;
				CLANG_WARN_OBJC_ROOT_CLASS = YES_ERROR;
				CLANG_WARN_SUSPICIOUS_MOVES = YES;
				CLANG_WARN_UNREACHABLE_CODE = YES;
				CLANG_WARN__DUPLICATE_METHOD_MATCH = YES;
				"CODE_SIGN_IDENTITY[sdk=iphoneos*]" = "iPhone Developer";
				COPY_PHASE_STRIP = NO;
				DEBUG_INFORMATION_FORMAT = dwarf;
				ENABLE_STRICT_OBJC_MSGSEND = YES;
				ENABLE_TESTABILITY = YES;
				GCC_C_LANGUAGE_STANDARD = gnu99;
				GCC_DYNAMIC_NO_PIC = NO;
				GCC_NO_COMMON_BLOCKS = YES;
				GCC_OPTIMIZATION_LEVEL = 0;
				GCC_PREPROCESSOR_DEFINITIONS = (
					"DEBUG=1",
					"$(inherited)",
				);
				GCC_WARN_64_TO_32_BIT_CONVERSION = YES;
				GCC_WARN_ABOUT_RETURN_TYPE = YES_ERROR;
				GCC_WARN_UNDECLARED_SELECTOR = YES;
				GCC_WARN_UNINITIALIZED_AUTOS = YES_AGGRESSIVE;
				GCC_WARN_UNUSED_FUNCTION = YES;
				GCC_WARN_UNUSED_VARIABLE = YES;
				IPHONEOS_DEPLOYMENT_TARGET = 10.1;
				MTL_ENABLE_DEBUG_INFO = YES;
				ONLY_ACTIVE_ARCH = YES;
				SDKROOT = iphoneos;
				TARGETED_DEVICE_FAMILY = "1,2";
			};
			name = Debug;
		};
		D0D907E41DE5AA580041A4D6 /* Release */ = {
			isa = XCBuildConfiguration;
			buildSettings = {
				ALWAYS_SEARCH_USER_PATHS = NO;
				CLANG_ANALYZER_NONNULL = YES;
				CLANG_CXX_LANGUAGE_STANDARD = "gnu++0x";
				CLANG_CXX_LIBRARY = "libc++";
				CLANG_ENABLE_MODULES = YES;
				CLANG_ENABLE_OBJC_ARC = YES;
				CLANG_WARN_BOOL_CONVERSION = YES;
				CLANG_WARN_CONSTANT_CONVERSION = YES;
				CLANG_WARN_DIRECT_OBJC_ISA_USAGE = YES_ERROR;
				CLANG_WARN_DOCUMENTATION_COMMENTS = YES;
				CLANG_WARN_EMPTY_BODY = YES;
				CLANG_WARN_ENUM_CONVERSION = YES;
				CLANG_WARN_INFINITE_RECURSION = YES;
				CLANG_WARN_INT_CONVERSION = YES;
				CLANG_WARN_OBJC_ROOT_CLASS = YES_ERROR;
				CLANG_WARN_SUSPICIOUS_MOVES = YES;
				CLANG_WARN_UNREACHABLE_CODE = YES;
				CLANG_WARN__DUPLICATE_METHOD_MATCH = YES;
				"CODE_SIGN_IDENTITY[sdk=iphoneos*]" = "iPhone Developer";
				COPY_PHASE_STRIP = NO;
				DEBUG_INFORMATION_FORMAT = "dwarf-with-dsym";
				ENABLE_NS_ASSERTIONS = NO;
				ENABLE_STRICT_OBJC_MSGSEND = YES;
				GCC_C_LANGUAGE_STANDARD = gnu99;
				GCC_NO_COMMON_BLOCKS = YES;
				GCC_WARN_64_TO_32_BIT_CONVERSION = YES;
				GCC_WARN_ABOUT_RETURN_TYPE = YES_ERROR;
				GCC_WARN_UNDECLARED_SELECTOR = YES;
				GCC_WARN_UNINITIALIZED_AUTOS = YES_AGGRESSIVE;
				GCC_WARN_UNUSED_FUNCTION = YES;
				GCC_WARN_UNUSED_VARIABLE = YES;
				IPHONEOS_DEPLOYMENT_TARGET = 10.1;
				MTL_ENABLE_DEBUG_INFO = NO;
				SDKROOT = iphoneos;
				TARGETED_DEVICE_FAMILY = "1,2";
				VALIDATE_PRODUCT = YES;
			};
			name = Release;
		};
		D0D907E61DE5AA580041A4D6 /* Debug */ = {
			isa = XCBuildConfiguration;
			baseConfigurationReference = B77E0A17E70D3D92E4BF5497 /* Pods-FlightHotelTest.debug.xcconfig */;
			buildSettings = {
				ASSETCATALOG_COMPILER_APPICON_NAME = AppIcon;
				DEVELOPMENT_TEAM = GWGTXL8GG9;
				INFOPLIST_FILE = FlightHotelTest/Info.plist;
				LD_RUNPATH_SEARCH_PATHS = "$(inherited) @executable_path/Frameworks";
				PRODUCT_BUNDLE_IDENTIFIER = com.fenroar.mobile.FlightHotelTest;
				PRODUCT_NAME = "$(TARGET_NAME)";
			};
			name = Debug;
		};
		D0D907E71DE5AA580041A4D6 /* Release */ = {
			isa = XCBuildConfiguration;
			baseConfigurationReference = D7299A03DD4F22C6F86C3F06 /* Pods-FlightHotelTest.release.xcconfig */;
			buildSettings = {
				ASSETCATALOG_COMPILER_APPICON_NAME = AppIcon;
				DEVELOPMENT_TEAM = GWGTXL8GG9;
				INFOPLIST_FILE = FlightHotelTest/Info.plist;
				LD_RUNPATH_SEARCH_PATHS = "$(inherited) @executable_path/Frameworks";
				PRODUCT_BUNDLE_IDENTIFIER = com.fenroar.mobile.FlightHotelTest;
				PRODUCT_NAME = "$(TARGET_NAME)";
			};
			name = Release;
		};
		D0D907E91DE5AA580041A4D6 /* Debug */ = {
			isa = XCBuildConfiguration;
			baseConfigurationReference = 7F101D27397AB5AF2188A730 /* Pods-FlightHotelTestTests.debug.xcconfig */;
			buildSettings = {
				BUNDLE_LOADER = "$(TEST_HOST)";
				DEVELOPMENT_TEAM = GWGTXL8GG9;
				INFOPLIST_FILE = FlightHotelTestTests/Info.plist;
				LD_RUNPATH_SEARCH_PATHS = "$(inherited) @executable_path/Frameworks @loader_path/Frameworks";
				PRODUCT_BUNDLE_IDENTIFIER = com.fenroar.mobile.FlightHotelTestTests;
				PRODUCT_NAME = "$(TARGET_NAME)";
				TEST_HOST = "$(BUILT_PRODUCTS_DIR)/FlightHotelTest.app/FlightHotelTest";
			};
			name = Debug;
		};
		D0D907EA1DE5AA580041A4D6 /* Release */ = {
			isa = XCBuildConfiguration;
			baseConfigurationReference = B8EE395929C444759F2F4B93 /* Pods-FlightHotelTestTests.release.xcconfig */;
			buildSettings = {
				BUNDLE_LOADER = "$(TEST_HOST)";
				DEVELOPMENT_TEAM = GWGTXL8GG9;
				INFOPLIST_FILE = FlightHotelTestTests/Info.plist;
				LD_RUNPATH_SEARCH_PATHS = "$(inherited) @executable_path/Frameworks @loader_path/Frameworks";
				PRODUCT_BUNDLE_IDENTIFIER = com.fenroar.mobile.FlightHotelTestTests;
				PRODUCT_NAME = "$(TARGET_NAME)";
				TEST_HOST = "$(BUILT_PRODUCTS_DIR)/FlightHotelTest.app/FlightHotelTest";
			};
			name = Release;
		};
/* End XCBuildConfiguration section */

/* Begin XCConfigurationList section */
		D0D907BE1DE5AA580041A4D6 /* Build configuration list for PBXProject "FlightHotelTest" */ = {
			isa = XCConfigurationList;
			buildConfigurations = (
				D0D907E31DE5AA580041A4D6 /* Debug */,
				D0D907E41DE5AA580041A4D6 /* Release */,
			);
			defaultConfigurationIsVisible = 0;
			defaultConfigurationName = Release;
		};
		D0D907E51DE5AA580041A4D6 /* Build configuration list for PBXNativeTarget "FlightHotelTest" */ = {
			isa = XCConfigurationList;
			buildConfigurations = (
				D0D907E61DE5AA580041A4D6 /* Debug */,
				D0D907E71DE5AA580041A4D6 /* Release */,
			);
			defaultConfigurationIsVisible = 0;
			defaultConfigurationName = Release;
		};
		D0D907E81DE5AA580041A4D6 /* Build configuration list for PBXNativeTarget "FlightHotelTestTests" */ = {
			isa = XCConfigurationList;
			buildConfigurations = (
				D0D907E91DE5AA580041A4D6 /* Debug */,
				D0D907EA1DE5AA580041A4D6 /* Release */,
			);
			defaultConfigurationIsVisible = 0;
			defaultConfigurationName = Release;
		};
/* End XCConfigurationList section */
	};
	rootObject = D0D907BB1DE5AA580041A4D6 /* Project object */;
}
